
Microsoft Visual Studio Solution File, Format Version 12.00
# Visual Studio Version 16
VisualStudioVersion = 16.0.29905.134
MinimumVisualStudioVersion = 10.0.40219.1
Project("{FAE04EC0-301F-11D3-BF4B-00C04F79EFBC}") = "ComplexCalculator", "ComplexCalculator\ComplexCalculator.csproj", "{5C773DC8-0F5E-49E1-9A81-CEA3164537BE}"
EndProject
Global
	GlobalSection(SolutionConfigurationPlatforms) = preSolution
		Debug|Any CPU = Debug|Any CPU
		Release|Any CPU = Release|Any CPU
	EndGlobalSection
	GlobalSection(ProjectConfigurationPlatforms) = postSolution
		{5C773DC8-0F5E-49E1-9A81-CEA3164537BE}.Debug|Any CPU.ActiveCfg = Debug|Any CPU
		{5C773DC8-0F5E-49E1-9A81-CEA3164537BE}.Debug|Any CPU.Build.0 = Debug|Any CPU
		{5C773DC8-0F5E-49E1-9A81-CEA3164537BE}.Release|Any CPU.ActiveCfg = Release|Any CPU
		{5C773DC8-0F5E-49E1-9A81-CEA3164537BE}.Release|Any CPU.Build.0 = Release|Any CPU
	EndGlobalSection
	GlobalSection(SolutionProperties) = preSolution
		HideSolutionNode = FALSE
	EndGlobalSection
	GlobalSection(ExtensibilityGlobals) = postSolution
		SolutionGuid = {D60217A3-4F53-4C39-B5EC-50120EE89564}
	EndGlobalSection
EndGlobal
